{
  "version": 2,
  "dependencies": {
    "net10.0-windows10.0.26100": {
      "Microsoft.Windows.SDK.BuildTools": {
        "type": "Direct",
        "requested": "[10.0.26100.7705, )",
        "resolved": "10.0.26100.7705",
        "contentHash": "HhD3TweZMpyor2t7vRJgJrASHJDWcDjYWQB2HSqsYWvpB10K8KgkdmXLtGUoKYwoztyIV2k1vjt1DdVsYs8jWw=="
      },
      "Microsoft.WindowsAppSDK.Runtime": {
        "type": "Direct",
        "requested": "[1.8.260710003, )",
        "resolved": "1.8.260710003",
        "contentHash": "amDmthDwKB6+phmW/rRiHpvCJqmyDLs2fPvURFKss3hQuV5hAxEJIlNbKhJTZKCLJVV//AaOEKWfFDks3Ex/YA==",
        "dependencies": {
          "Microsoft.WindowsAppSDK.Base": "1.8.251216001"
        }
      },
      "Microsoft.WindowsAppSDK.WinUI": {
        "type": "Direct",
        "requested": "[1.8.260709004, )",
        "resolved": "1.8.260709004",
        "contentHash": "h7KVFBH1tllq3nkZbavXsjrDDBRZSRp+dhK9GQN41L/GxZpwCqQfGgTaINHHCc6hQwJpGcyPT9dVeAL/ngBoNg==",
        "dependencies": {
          "Microsoft.Web.WebView2": "1.0.3179.45",
          "Microsoft.WindowsAppSDK.Base": "1.8.251216001",
          "Microsoft.WindowsAppSDK.Foundation": "1.8.260709000",
          "Microsoft.WindowsAppSDK.InteractiveExperiences": "1.8.260708001"
        }
      },
      "Microsoft.Web.WebView2": {
        "type": "Transitive",
        "resolved": "1.0.3179.45",
        "contentHash": "3pokSH5CnN0G6rGhGFo1y87inxYhNxBQ2Vdf0wlvBj99KHxQJormjDACmqRnFeUsmuNFIhWwfAL1ztq7wD5qRA=="
      },
      "Microsoft.Windows.SDK.BuildTools.MSIX": {
        "type": "Transitive",
        "resolved": "1.7.20250829.1",
        "contentHash": "IMdvRmCIZnBS5GkYnv0po1bcx6U1OF39pqA4TphQ9evDzpCRoSE19/PkDvlUNNrBavTsLIEJgd/TAIFner75ow=="
      },
      "Microsoft.WindowsAppSDK.Base": {
        "type": "Transitive",
        "resolved": "1.8.251216001",
        "contentHash": "PS1wriuFknz3W2F2P/e6RvOTM35w89Lsj/f0QmUEPrJjKnc+jM0JLX1vfdytI14y1gNRUTm9uclwP0aH/SVU5w==",
        "dependencies": {
          "Microsoft.Windows.SDK.BuildTools": "10.0.26100.4654",
          "Microsoft.Windows.SDK.BuildTools.MSIX": "1.7.20250829.1"
        }
      },
      "Microsoft.WindowsAppSDK.Foundation": {
        "type": "Transitive",
        "resolved": "1.8.260709000",
        "contentHash": "bR03vDB1v6VpYQtGQzrXphrNFPsds5JBg0quQy44Hpivyed1AMBn+4AsKTaB4MwQqnA+y00VUDsGlh7sZRpGow==",
        "dependencies": {
          "Microsoft.WindowsAppSDK.Base": "1.8.251216001",
          "Microsoft.WindowsAppSDK.InteractiveExperiences": "1.8.260708001"
        }
      },
      "Microsoft.WindowsAppSDK.InteractiveExperiences": {
        "type": "Transitive",
        "resolved": "1.8.260708001",
        "contentHash": "lKvL9ArPGRhzbQwXUg7Spc8dgB7N2NnMoC6BKD9sn0Mzx9FxcJC55rohV9x52eBCfviHzrn5ZtujwORZthsqbA==",
        "dependencies": {
          "Microsoft.WindowsAppSDK.Base": "1.8.251216001"
        }
      },
      "negaflow.interop": {
        "type": "Project"
      },
      "negaflow.shell.core": {
        "type": "Project"
      }
    },
    "net10.0-windows10.0.26100/win-arm64": {
      "Microsoft.Web.WebView2": {
        "type": "Transitive",
        "resolved": "1.0.3179.45",
        "contentHash": "3pokSH5CnN0G6rGhGFo1y87inxYhNxBQ2Vdf0wlvBj99KHxQJormjDACmqRnFeUsmuNFIhWwfAL1ztq7wD5qRA=="
      },
      "Microsoft.WindowsAppSDK.Foundation": {
        "type": "Transitive",
        "resolved": "1.8.260709000",
        "contentHash": "bR03vDB1v6VpYQtGQzrXphrNFPsds5JBg0quQy44Hpivyed1AMBn+4AsKTaB4MwQqnA+y00VUDsGlh7sZRpGow==",
        "dependencies": {
          "Microsoft.WindowsAppSDK.Base": "1.8.251216001",
          "Microsoft.WindowsAppSDK.InteractiveExperiences": "1.8.260708001"
        }
      }
    },
    "net10.0-windows10.0.26100/win-x64": {
      "Microsoft.Web.WebView2": {
        "type": "Transitive",
        "resolved": "1.0.3179.45",
        "contentHash": "3pokSH5CnN0G6rGhGFo1y87inxYhNxBQ2Vdf0wlvBj99KHxQJormjDACmqRnFeUsmuNFIhWwfAL1ztq7wD5qRA=="
      },
      "Microsoft.WindowsAppSDK.Foundation": {
        "type": "Transitive",
        "resolved": "1.8.260709000",
        "contentHash": "bR03vDB1v6VpYQtGQzrXphrNFPsds5JBg0quQy44Hpivyed1AMBn+4AsKTaB4MwQqnA+y00VUDsGlh7sZRpGow==",
        "dependencies": {
          "Microsoft.WindowsAppSDK.Base": "1.8.251216001",
          "Microsoft.WindowsAppSDK.InteractiveExperiences": "1.8.260708001"
        }
      }
    }
  }
}